
Microsoft Visual Studio Solution File, Format Version 12.00
# Visual Studio Version 16
VisualStudioVersion = 16.0.29728.190
MinimumVisualStudioVersion = 10.0.40219.1
Project("{FAE04EC0-301F-11D3-BF4B-00C04F79EFBC}") = "ChocolateTycoon", "ChocolateTycoon\ChocolateTycoon.csproj", "{38A5AD8B-2494-42ED-9DD7-201D60E06FC9}"
EndProject
Global
	GlobalSection(SolutionConfigurationPlatforms) = preSolution
		Debug|Any CPU = Debug|Any CPU
		Release|Any CPU = Release|Any CPU
	EndGlobalSection
	GlobalSection(ProjectConfigurationPlatforms) = postSolution
		{38A5AD8B-2494-42ED-9DD7-201D60E06FC9}.Debug|Any CPU.ActiveCfg = Debug|Any CPU
		{38A5AD8B-2494-42ED-9DD7-201D60E06FC9}.Debug|Any CPU.Build.0 = Debug|Any CPU
		{38A5AD8B-2494-42ED-9DD7-201D60E06FC9}.Release|Any CPU.ActiveCfg = Release|Any CPU
		{38A5AD8B-2494-42ED-9DD7-201D60E06FC9}.Release|Any CPU.Build.0 = Release|Any CPU
	EndGlobalSection
	GlobalSection(SolutionProperties) = preSolution
		HideSolutionNode = FALSE
	EndGlobalSection
	GlobalSection(ExtensibilityGlobals) = postSolution
		SolutionGuid = {E7592689-83F6-4B0C-A178-0E2CD0C991A4}
	EndGlobalSection
EndGlobal
