{
  "requires": true,
  "lockfileVersion": 1,
  "dependencies": {
    "bootbox": {
      "version": "5.4.0",
      "resolved": "https://registry.npmjs.org/bootbox/-/bootbox-5.4.0.tgz",
      "integrity": "sha512-GCPrDwZpJsUnqzrto3ZURVafypl13+DAyE3YZx5jR5EIoTDSyREPhr77hlCuPKvM6VvXR5Mh/34W3DYMC7JE9g==",
      "requires": {
        "bootstrap": "^4.4.0",
        "jquery": "^3.4.1",
        "popper.js": "^1.16.0"
      }
    },
    "bootstrap": {
      "version": "4.4.1",
      "resolved": "https://registry.npmjs.org/bootstrap/-/bootstrap-4.4.1.tgz",
      "integrity": "sha512-tbx5cHubwE6e2ZG7nqM3g/FZ5PQEDMWmMGNrCUBVRPHXTJaH7CBDdsLeu3eCh3B1tzAxTnAbtmrzvWEvT2NNEA=="
    },
    "jquery": {
      "version": "3.5.0",
      "resolved": "https://registry.npmjs.org/jquery/-/jquery-3.5.0.tgz",
      "integrity": "sha512-Xb7SVYMvygPxbFMpTFQiHh1J7HClEaThguL15N/Gg37Lri/qKyhRGZYzHRyLH8Stq3Aow0LsHO2O2ci86fCrNQ=="
    },
    "popper.js": {
      "version": "1.16.1",
      "resolved": "https://registry.npmjs.org/popper.js/-/popper.js-1.16.1.tgz",
      "integrity": "sha512-Wb4p1J4zyFTbM+u6WuO4XstYx4Ky9Cewe4DWrel7B0w6VVICvPwdOpotjzcf6eD8TsckVnIMNONQyPIUFOUbCQ=="
    }
  }
}
